// !$*UTF8*$!
{
	archiveVersion = 1;
	classes = {
	};
	objectVersion = 52;
	objects = {

/* Begin PBXBuildFile section */
		B70C798D235C7580004259A9 /* UnityBridge.mm in Sources */ = {isa = PBXBuildFile; fileRef = B70C798C235C7580004259A9 /* UnityBridge.mm */; };
		B70C7992235C7766004259A9 /* CloudKit.framework in Frameworks */ = {isa = PBXBuildFile; fileRef = B70C7991235C7766004259A9 /* CloudKit.framework */; };
		B70C7994235C776F004259A9 /* GameKit.framework in Frameworks */ = {isa = PBXBuildFile; fileRef = B70C7993235C776F004259A9 /* GameKit.framework */; };
		B70C7998235C7E71004259A9 /* AppleKitsCore.m in Sources */ = {isa = PBXBuildFile; fileRef = B70C7997235C7E71004259A9 /* AppleKitsCore.m */; };
		B738F99023FB73BE0050004F /* CloudKit.m in Sources */ = {isa = PBXBuildFile; fileRef = B738F98F23FB73BE0050004F /* CloudKit.m */; };
		B738F99323FB79180050004F /* Callback.m in Sources */ = {isa = PBXBuildFile; fileRef = B738F99223FB79180050004F /* Callback.m */; };
		B738F99B23FE4F910050004F /* CallbackBridge.mm in Sources */ = {isa = PBXBuildFile; fileRef = B738F99A23FE4F910050004F /* CallbackBridge.mm */; };
		B738F99E23FE546B0050004F /* CloudKitBridge.mm in Sources */ = {isa = PBXBuildFile; fileRef = B738F99D23FE546B0050004F /* CloudKitBridge.mm */; };
		B738F9CF23FF9FFC0050004F /* CallbackBridge.mm in Sources */ = {isa = PBXBuildFile; fileRef = B738F99A23FE4F910050004F /* CallbackBridge.mm */; };
		B738F9D023FFA0000050004F /* Callback.m in Sources */ = {isa = PBXBuildFile; fileRef = B738F99223FB79180050004F /* Callback.m */; };
		B738F9D123FFA0130050004F /* AppleKitsCore.m in Sources */ = {isa = PBXBuildFile; fileRef = B70C7997235C7E71004259A9 /* AppleKitsCore.m */; };
		B738F9D223FFA0180050004F /* CloudKit.m in Sources */ = {isa = PBXBuildFile; fileRef = B738F98F23FB73BE0050004F /* CloudKit.m */; };
		B738F9D323FFA01B0050004F /* CloudKitBridge.mm in Sources */ = {isa = PBXBuildFile; fileRef = B738F99D23FE546B0050004F /* CloudKitBridge.mm */; };
		B738F9D423FFA01E0050004F /* UnityBridge.mm in Sources */ = {isa = PBXBuildFile; fileRef = B70C798C235C7580004259A9 /* UnityBridge.mm */; };
		B738F9DA23FFA4660050004F /* GameKit.framework in Frameworks */ = {isa = PBXBuildFile; fileRef = B70C7993235C776F004259A9 /* GameKit.framework */; };
		B738F9DD23FFA4680050004F /* CloudKit.framework in Frameworks */ = {isa = PBXBuildFile; fileRef = B70C7991235C7766004259A9 /* CloudKit.framework */; };
		B786B59F2418956400BBA10F /* UIKit.framework in Frameworks */ = {isa = PBXBuildFile; fileRef = B786B59E2418956400BBA10F /* UIKit.framework */; platformFilter = ios; };
		B786B5A02418957300BBA10F /* AppKit.framework in Frameworks */ = {isa = PBXBuildFile; fileRef = B7E530F8240E141100DEB640 /* AppKit.framework */; platformFilter = maccatalyst; };
		B786B5A42418B37100BBA10F /* GameKitBridge.mm in Sources */ = {isa = PBXBuildFile; fileRef = B786B5A22418B37100BBA10F /* GameKitBridge.mm */; };
		B786B5A62418B37100BBA10F /* GameKitBridge.mm in Sources */ = {isa = PBXBuildFile; fileRef = B786B5A22418B37100BBA10F /* GameKitBridge.mm */; };
		B786B5AA2418B8DA00BBA10F /* BridgeHelpers.mm in Sources */ = {isa = PBXBuildFile; fileRef = B786B5A82418B8DA00BBA10F /* BridgeHelpers.mm */; };
		B786B5AC2418B8DA00BBA10F /* BridgeHelpers.mm in Sources */ = {isa = PBXBuildFile; fileRef = B786B5A82418B8DA00BBA10F /* BridgeHelpers.mm */; };
		B786B5C72418F49600BBA10F /* CallbackBridge.mm in Sources */ = {isa = PBXBuildFile; fileRef = B738F99A23FE4F910050004F /* CallbackBridge.mm */; };
		B786B5C82418F49700BBA10F /* CallbackBridge.mm in Sources */ = {isa = PBXBuildFile; fileRef = B738F99A23FE4F910050004F /* CallbackBridge.mm */; };
		B786B5C92418F49900BBA10F /* Callback.m in Sources */ = {isa = PBXBuildFile; fileRef = B738F99223FB79180050004F /* Callback.m */; };
		B786B5CA2418F49900BBA10F /* Callback.m in Sources */ = {isa = PBXBuildFile; fileRef = B738F99223FB79180050004F /* Callback.m */; };
		B786B5CB2418F49C00BBA10F /* BridgeHelpers.mm in Sources */ = {isa = PBXBuildFile; fileRef = B786B5A82418B8DA00BBA10F /* BridgeHelpers.mm */; };
		B786B5CC2418F49D00BBA10F /* BridgeHelpers.mm in Sources */ = {isa = PBXBuildFile; fileRef = B786B5A82418B8DA00BBA10F /* BridgeHelpers.mm */; };
		B786B5CD2418F49F00BBA10F /* AppleKitsCore.m in Sources */ = {isa = PBXBuildFile; fileRef = B70C7997235C7E71004259A9 /* AppleKitsCore.m */; };
		B786B5CE2418F4A000BBA10F /* AppleKitsCore.m in Sources */ = {isa = PBXBuildFile; fileRef = B70C7997235C7E71004259A9 /* AppleKitsCore.m */; };
		B786B5CF2418F4A200BBA10F /* GameKit.m in Sources */ = {isa = PBXBuildFile; fileRef = B7E530F2240E0C5600DEB640 /* GameKit.m */; };
		B786B5D02418F4A300BBA10F /* GameKit.m in Sources */ = {isa = PBXBuildFile; fileRef = B7E530F2240E0C5600DEB640 /* GameKit.m */; };
		B786B5D12418F4A500BBA10F /* GameKitBridge.mm in Sources */ = {isa = PBXBuildFile; fileRef = B786B5A22418B37100BBA10F /* GameKitBridge.mm */; };
		B786B5D22418F4A600BBA10F /* GameKitBridge.mm in Sources */ = {isa = PBXBuildFile; fileRef = B786B5A22418B37100BBA10F /* GameKitBridge.mm */; };
		B786B5D32418F4A800BBA10F /* CloudKit.m in Sources */ = {isa = PBXBuildFile; fileRef = B738F98F23FB73BE0050004F /* CloudKit.m */; };
		B786B5D42418F4A900BBA10F /* CloudKit.m in Sources */ = {isa = PBXBuildFile; fileRef = B738F98F23FB73BE0050004F /* CloudKit.m */; };
		B786B5D52418F4AB00BBA10F /* CloudKitBridge.mm in Sources */ = {isa = PBXBuildFile; fileRef = B738F99D23FE546B0050004F /* CloudKitBridge.mm */; };
		B786B5D62418F4AC00BBA10F /* CloudKitBridge.mm in Sources */ = {isa = PBXBuildFile; fileRef = B738F99D23FE546B0050004F /* CloudKitBridge.mm */; };
		B786B5D72418F4AF00BBA10F /* UIHelper.m in Sources */ = {isa = PBXBuildFile; fileRef = B7E530F6240E113200DEB640 /* UIHelper.m */; };
		B786B5D82418F4AF00BBA10F /* UIHelper.m in Sources */ = {isa = PBXBuildFile; fileRef = B7E530F6240E113200DEB640 /* UIHelper.m */; };
		B786B5D92418F4B200BBA10F /* UnityBridge.mm in Sources */ = {isa = PBXBuildFile; fileRef = B70C798C235C7580004259A9 /* UnityBridge.mm */; };
		B786B5DA2418F4B200BBA10F /* UnityBridge.mm in Sources */ = {isa = PBXBuildFile; fileRef = B70C798C235C7580004259A9 /* UnityBridge.mm */; };
		B7E530F3240E0C5600DEB640 /* GameKit.m in Sources */ = {isa = PBXBuildFile; fileRef = B7E530F2240E0C5600DEB640 /* GameKit.m */; };
		B7E530F7240E113200DEB640 /* UIHelper.m in Sources */ = {isa = PBXBuildFile; fileRef = B7E530F6240E113200DEB640 /* UIHelper.m */; };
		B7E530F9240E141100DEB640 /* AppKit.framework in Frameworks */ = {isa = PBXBuildFile; fileRef = B7E530F8240E141100DEB640 /* AppKit.framework */; };
		B7E530FA240E14EB00DEB640 /* GameKit.m in Sources */ = {isa = PBXBuildFile; fileRef = B7E530F2240E0C5600DEB640 /* GameKit.m */; };
		B7E530FD240E15AC00DEB640 /* UIHelper.m in Sources */ = {isa = PBXBuildFile; fileRef = B7E530F6240E113200DEB640 /* UIHelper.m */; };
/* End PBXBuildFile section */

/* Begin PBXCopyFilesBuildPhase section */
		B74FAC17235C732800B87216 /* CopyFiles */ = {
			isa = PBXCopyFilesBuildPhase;
			buildActionMask = 2147483647;
			dstPath = "include/$(PRODUCT_NAME)";
			dstSubfolderSpec = 16;
			files = (
			);
			runOnlyForDeploymentPostprocessing = 0;
		};
		B786B5AF2418F45E00BBA10F /* CopyFiles */ = {
			isa = PBXCopyFilesBuildPhase;
			buildActionMask = 2147483647;
			dstPath = "include/$(PRODUCT_NAME)";
			dstSubfolderSpec = 16;
			files = (
			);
			runOnlyForDeploymentPostprocessing = 0;
		};
/* End PBXCopyFilesBuildPhase section */

/* Begin PBXFileReference section */
		B70C798C235C7580004259A9 /* UnityBridge.mm */ = {isa = PBXFileReference; fileEncoding = 4; lastKnownFileType = sourcecode.cpp.objcpp; path = UnityBridge.mm; sourceTree = "<group>"; };
		B70C7991235C7766004259A9 /* CloudKit.framework */ = {isa = PBXFileReference; lastKnownFileType = wrapper.framework; name = CloudKit.framework; path = Platforms/MacOSX.platform/Developer/SDKs/MacOSX10.15.sdk/System/Library/Frameworks/CloudKit.framework; sourceTree = DEVELOPER_DIR; };
		B70C7993235C776F004259A9 /* GameKit.framework */ = {isa = PBXFileReference; lastKnownFileType = wrapper.framework; name = GameKit.framework; path = Platforms/MacOSX.platform/Developer/SDKs/MacOSX10.15.sdk/System/Library/Frameworks/GameKit.framework; sourceTree = DEVELOPER_DIR; };
		B70C7996235C7E71004259A9 /* AppleKitsCore.h */ = {isa = PBXFileReference; lastKnownFileType = sourcecode.c.h; path = AppleKitsCore.h; sourceTree = "<group>"; };
		B70C7997235C7E71004259A9 /* AppleKitsCore.m */ = {isa = PBXFileReference; lastKnownFileType = sourcecode.c.objc; path = AppleKitsCore.m; sourceTree = "<group>"; };
		B738F98E23FB73BE0050004F /* CloudKit.h */ = {isa = PBXFileReference; lastKnownFileType = sourcecode.c.h; path = CloudKit.h; sourceTree = "<group>"; };
		B738F98F23FB73BE0050004F /* CloudKit.m */ = {isa = PBXFileReference; lastKnownFileType = sourcecode.c.objc; path = CloudKit.m; sourceTree = "<group>"; };
		B738F99123FB79180050004F /* Callback.h */ = {isa = PBXFileReference; lastKnownFileType = sourcecode.c.h; path = Callback.h; sourceTree = "<group>"; };
		B738F99223FB79180050004F /* Callback.m */ = {isa = PBXFileReference; lastKnownFileType = sourcecode.c.objc; path = Callback.m; sourceTree = "<group>"; };
		B738F99423FB845B0050004F /* AppleKitsConstants.h */ = {isa = PBXFileReference; lastKnownFileType = sourcecode.c.h; path = AppleKitsConstants.h; sourceTree = "<group>"; };
		B738F99523FB8D110050004F /* CallbackTypes.h */ = {isa = PBXFileReference; lastKnownFileType = sourcecode.c.h; path = CallbackTypes.h; sourceTree = "<group>"; };
		B738F99923FE4F910050004F /* CallbackBridge.h */ = {isa = PBXFileReference; lastKnownFileType = sourcecode.c.h; path = CallbackBridge.h; sourceTree = "<group>"; };
		B738F99A23FE4F910050004F /* CallbackBridge.mm */ = {isa = PBXFileReference; lastKnownFileType = sourcecode.cpp.objcpp; path = CallbackBridge.mm; sourceTree = "<group>"; };
		B738F99C23FE546B0050004F /* CloudKitBridge.h */ = {isa = PBXFileReference; lastKnownFileType = sourcecode.c.h; path = CloudKitBridge.h; sourceTree = "<group>"; };
		B738F99D23FE546B0050004F /* CloudKitBridge.mm */ = {isa = PBXFileReference; lastKnownFileType = sourcecode.cpp.objcpp; path = CloudKitBridge.mm; sourceTree = "<group>"; };
		B738F9C223FF9FC00050004F /* AppleKits4UnityBundle.bundle */ = {isa = PBXFileReference; explicitFileType = wrapper.cfbundle; includeInIndex = 0; path = AppleKits4UnityBundle.bundle; sourceTree = BUILT_PRODUCTS_DIR; };
		B738F9C423FF9FC00050004F /* Info.plist */ = {isa = PBXFileReference; lastKnownFileType = text.plist.xml; path = Info.plist; sourceTree = "<group>"; };
		B74FAC19235C732800B87216 /* libAppleKits4UnityiOS.a */ = {isa = PBXFileReference; explicitFileType = archive.ar; includeInIndex = 0; path = libAppleKits4UnityiOS.a; sourceTree = BUILT_PRODUCTS_DIR; };
		B74FAC26235C747F00B87216 /* UnityBridge.h */ = {isa = PBXFileReference; lastKnownFileType = sourcecode.c.h; path = UnityBridge.h; sourceTree = "<group>"; };
		B786B59E2418956400BBA10F /* UIKit.framework */ = {isa = PBXFileReference; lastKnownFileType = wrapper.framework; name = UIKit.framework; path = System/Library/Frameworks/UIKit.framework; sourceTree = SDKROOT; };
		B786B5A12418B37100BBA10F /* GameKitBridge.h */ = {isa = PBXFileReference; lastKnownFileType = sourcecode.c.h; path = GameKitBridge.h; sourceTree = "<group>"; };
		B786B5A22418B37100BBA10F /* GameKitBridge.mm */ = {isa = PBXFileReference; lastKnownFileType = sourcecode.cpp.objcpp; path = GameKitBridge.mm; sourceTree = "<group>"; };
		B786B5A72418B8DA00BBA10F /* BridgeHelpers.h */ = {isa = PBXFileReference; lastKnownFileType = sourcecode.c.h; path = BridgeHelpers.h; sourceTree = "<group>"; };
		B786B5A82418B8DA00BBA10F /* BridgeHelpers.mm */ = {isa = PBXFileReference; lastKnownFileType = sourcecode.cpp.objcpp; path = BridgeHelpers.mm; sourceTree = "<group>"; };
		B786B5B12418F45E00BBA10F /* libAppleKits4UnitytvOS.a */ = {isa = PBXFileReference; explicitFileType = archive.ar; includeInIndex = 0; path = libAppleKits4UnitytvOS.a; sourceTree = BUILT_PRODUCTS_DIR; };
		B786B5BE2418F48B00BBA10F /* libAppleKits4UnityMac.a */ = {isa = PBXFileReference; explicitFileType = archive.ar; includeInIndex = 0; path = libAppleKits4UnityMac.a; sourceTree = BUILT_PRODUCTS_DIR; };
		B7E530F1240E0C5600DEB640 /* GameKit.h */ = {isa = PBXFileReference; lastKnownFileType = sourcecode.c.h; path = GameKit.h; sourceTree = "<group>"; };
		B7E530F2240E0C5600DEB640 /* GameKit.m */ = {isa = PBXFileReference; lastKnownFileType = sourcecode.c.objc; path = GameKit.m; sourceTree = "<group>"; };
		B7E530F5240E113200DEB640 /* UIHelper.h */ = {isa = PBXFileReference; lastKnownFileType = sourcecode.c.h; path = UIHelper.h; sourceTree = "<group>"; };
		B7E530F6240E113200DEB640 /* UIHelper.m */ = {isa = PBXFileReference; lastKnownFileType = sourcecode.c.objc; path = UIHelper.m; sourceTree = "<group>"; };
		B7E530F8240E141100DEB640 /* AppKit.framework */ = {isa = PBXFileReference; lastKnownFileType = wrapper.framework; name = AppKit.framework; path = Platforms/MacOSX.platform/Developer/SDKs/MacOSX10.15.sdk/System/Library/Frameworks/AppKit.framework; sourceTree = DEVELOPER_DIR; };
/* End PBXFileReference section */

/* Begin PBXFrameworksBuildPhase section */
		B738F9BF23FF9FC00050004F /* Frameworks */ = {
			isa = PBXFrameworksBuildPhase;
			buildActionMask = 2147483647;
			files = (
				B7E530F9240E141100DEB640 /* AppKit.framework in Frameworks */,
				B738F9DA23FFA4660050004F /* GameKit.framework in Frameworks */,
				B738F9DD23FFA4680050004F /* CloudKit.framework in Frameworks */,
			);
			runOnlyForDeploymentPostprocessing = 0;
		};
		B74FAC16235C732800B87216 /* Frameworks */ = {
			isa = PBXFrameworksBuildPhase;
			buildActionMask = 2147483647;
			files = (
				B786B5A02418957300BBA10F /* AppKit.framework in Frameworks */,
				B786B59F2418956400BBA10F /* UIKit.framework in Frameworks */,
				B70C7994235C776F004259A9 /* GameKit.framework in Frameworks */,
				B70C7992235C7766004259A9 /* CloudKit.framework in Frameworks */,
			);
			runOnlyForDeploymentPostprocessing = 0;
		};
		B786B5AE2418F45E00BBA10F /* Frameworks */ = {
			isa = PBXFrameworksBuildPhase;
			buildActionMask = 2147483647;
			files = (
			);
			runOnlyForDeploymentPostprocessing = 0;
		};
		B786B5BC2418F48B00BBA10F /* Frameworks */ = {
			isa = PBXFrameworksBuildPhase;
			buildActionMask = 2147483647;
			files = (
			);
			runOnlyForDeploymentPostprocessing = 0;
		};
/* End PBXFrameworksBuildPhase section */

/* Begin PBXGroup section */
		B70C798E235C7672004259A9 /* CloudKit */ = {
			isa = PBXGroup;
			children = (
				B738F98E23FB73BE0050004F /* CloudKit.h */,
				B738F98F23FB73BE0050004F /* CloudKit.m */,
				B738F99C23FE546B0050004F /* CloudKitBridge.h */,
				B738F99D23FE546B0050004F /* CloudKitBridge.mm */,
			);
			path = CloudKit;
			sourceTree = "<group>";
		};
		B70C798F235C774B004259A9 /* GameKit */ = {
			isa = PBXGroup;
			children = (
				B7E530F1240E0C5600DEB640 /* GameKit.h */,
				B7E530F2240E0C5600DEB640 /* GameKit.m */,
				B786B5A12418B37100BBA10F /* GameKitBridge.h */,
				B786B5A22418B37100BBA10F /* GameKitBridge.mm */,
			);
			path = GameKit;
			sourceTree = "<group>";
		};
		B70C7990235C7766004259A9 /* Frameworks */ = {
			isa = PBXGroup;
			children = (
				B786B59E2418956400BBA10F /* UIKit.framework */,
				B7E530F8240E141100DEB640 /* AppKit.framework */,
				B70C7993235C776F004259A9 /* GameKit.framework */,
				B70C7991235C7766004259A9 /* CloudKit.framework */,
			);
			name = Frameworks;
			sourceTree = "<group>";
		};
		B70C7995235C7E4A004259A9 /* Core */ = {
			isa = PBXGroup;
			children = (
				B738F99623FB8D3C0050004F /* Callback */,
				B70C7996235C7E71004259A9 /* AppleKitsCore.h */,
				B70C7997235C7E71004259A9 /* AppleKitsCore.m */,
				B738F99423FB845B0050004F /* AppleKitsConstants.h */,
			);
			path = Core;
			sourceTree = "<group>";
		};
		B738F99623FB8D3C0050004F /* Callback */ = {
			isa = PBXGroup;
			children = (
				B738F99923FE4F910050004F /* CallbackBridge.h */,
				B738F99A23FE4F910050004F /* CallbackBridge.mm */,
				B738F99123FB79180050004F /* Callback.h */,
				B738F99223FB79180050004F /* Callback.m */,
				B738F99523FB8D110050004F /* CallbackTypes.h */,
				B786B5A72418B8DA00BBA10F /* BridgeHelpers.h */,
				B786B5A82418B8DA00BBA10F /* BridgeHelpers.mm */,
			);
			path = Callback;
			sourceTree = "<group>";
		};
		B738F9C323FF9FC00050004F /* AppleKits4UnityBundle */ = {
			isa = PBXGroup;
			children = (
				B738F9C423FF9FC00050004F /* Info.plist */,
			);
			path = AppleKits4UnityBundle;
			sourceTree = "<group>";
		};
		B74FAC10235C732800B87216 = {
			isa = PBXGroup;
			children = (
				B74FAC1B235C732800B87216 /* AppleKits4Unity */,
				B738F9C323FF9FC00050004F /* AppleKits4UnityBundle */,
				B74FAC1A235C732800B87216 /* Products */,
				B70C7990235C7766004259A9 /* Frameworks */,
			);
			sourceTree = "<group>";
		};
		B74FAC1A235C732800B87216 /* Products */ = {
			isa = PBXGroup;
			children = (
				B74FAC19235C732800B87216 /* libAppleKits4UnityiOS.a */,
				B738F9C223FF9FC00050004F /* AppleKits4UnityBundle.bundle */,
				B786B5B12418F45E00BBA10F /* libAppleKits4UnitytvOS.a */,
				B786B5BE2418F48B00BBA10F /* libAppleKits4UnityMac.a */,
			);
			name = Products;
			sourceTree = "<group>";
		};
		B74FAC1B235C732800B87216 /* AppleKits4Unity */ = {
			isa = PBXGroup;
			children = (
				B74FAC25235C746100B87216 /* Classes */,
			);
			path = AppleKits4Unity;
			sourceTree = "<group>";
		};
		B74FAC25235C746100B87216 /* Classes */ = {
			isa = PBXGroup;
			children = (
				B70C7995235C7E4A004259A9 /* Core */,
				B70C798F235C774B004259A9 /* GameKit */,
				B70C798E235C7672004259A9 /* CloudKit */,
				B7E530F4240E111300DEB640 /* UI */,
				B74FAC26235C747F00B87216 /* UnityBridge.h */,
				B70C798C235C7580004259A9 /* UnityBridge.mm */,
			);
			path = Classes;
			sourceTree = "<group>";
		};
		B7E530F4240E111300DEB640 /* UI */ = {
			isa = PBXGroup;
			children = (
				B7E530F5240E113200DEB640 /* UIHelper.h */,
				B7E530F6240E113200DEB640 /* UIHelper.m */,
			);
			path = UI;
			sourceTree = "<group>";
		};
/* End PBXGroup section */

/* Begin PBXHeadersBuildPhase section */
		B786B5BA2418F48B00BBA10F /* Headers */ = {
			isa = PBXHeadersBuildPhase;
			buildActionMask = 2147483647;
			files = (
			);
			runOnlyForDeploymentPostprocessing = 0;
		};
/* End PBXHeadersBuildPhase section */

/* Begin PBXNativeTarget section */
		B738F9C123FF9FC00050004F /* AppleKits4UnityBundle */ = {
			isa = PBXNativeTarget;
			buildConfigurationList = B738F9C523FF9FC00050004F /* Build configuration list for PBXNativeTarget "AppleKits4UnityBundle" */;
			buildPhases = (
				B738F9BE23FF9FC00050004F /* Sources */,
				B738F9BF23FF9FC00050004F /* Frameworks */,
				B738F9C023FF9FC00050004F /* Resources */,
			);
			buildRules = (
			);
			dependencies = (
			);
			name = AppleKits4UnityBundle;
			productName = AppleKits4UnityBundle;
			productReference = B738F9C223FF9FC00050004F /* AppleKits4UnityBundle.bundle */;
			productType = "com.apple.product-type.bundle";
		};
		B74FAC18235C732800B87216 /* AppleKits4UnityiOS */ = {
			isa = PBXNativeTarget;
			buildConfigurationList = B74FAC22235C732800B87216 /* Build configuration list for PBXNativeTarget "AppleKits4UnityiOS" */;
			buildPhases = (
				B74FAC15235C732800B87216 /* Sources */,
				B74FAC16235C732800B87216 /* Frameworks */,
				B74FAC17235C732800B87216 /* CopyFiles */,
			);
			buildRules = (
			);
			dependencies = (
			);
			name = AppleKits4UnityiOS;
			productName = AppleKits4Unity;
			productReference = B74FAC19235C732800B87216 /* libAppleKits4UnityiOS.a */;
			productType = "com.apple.product-type.library.static";
		};
		B786B5B02418F45E00BBA10F /* AppleKits4UnitytvOS */ = {
			isa = PBXNativeTarget;
			buildConfigurationList = B786B5B72418F45E00BBA10F /* Build configuration list for PBXNativeTarget "AppleKits4UnitytvOS" */;
			buildPhases = (
				B786B5AD2418F45E00BBA10F /* Sources */,
				B786B5AE2418F45E00BBA10F /* Frameworks */,
				B786B5AF2418F45E00BBA10F /* CopyFiles */,
			);
			buildRules = (
			);
			dependencies = (
			);
			name = AppleKits4UnitytvOS;
			productName = AppleKits4UnitytvOS;
			productReference = B786B5B12418F45E00BBA10F /* libAppleKits4UnitytvOS.a */;
			productType = "com.apple.product-type.library.static";
		};
		B786B5BD2418F48B00BBA10F /* AppleKits4UnityMac */ = {
			isa = PBXNativeTarget;
			buildConfigurationList = B786B5C42418F48B00BBA10F /* Build configuration list for PBXNativeTarget "AppleKits4UnityMac" */;
			buildPhases = (
				B786B5BA2418F48B00BBA10F /* Headers */,
				B786B5BB2418F48B00BBA10F /* Sources */,
				B786B5BC2418F48B00BBA10F /* Frameworks */,
			);
			buildRules = (
			);
			dependencies = (
			);
			name = AppleKits4UnityMac;
			productName = AppleKits4UnityMac;
			productReference = B786B5BE2418F48B00BBA10F /* libAppleKits4UnityMac.a */;
			productType = "com.apple.product-type.library.static";
		};
/* End PBXNativeTarget section */

/* Begin PBXProject section */
		B74FAC11235C732800B87216 /* Project object */ = {
			isa = PBXProject;
			attributes = {
				LastUpgradeCheck = 1100;
				ORGANIZATIONNAME = "Forbidden Cactus";
				TargetAttributes = {
					B738F9C123FF9FC00050004F = {
						CreatedOnToolsVersion = 11.3;
					};
					B74FAC18235C732800B87216 = {
						CreatedOnToolsVersion = 11.0;
					};
					B786B5B02418F45E00BBA10F = {
						CreatedOnToolsVersion = 11.0;
					};
					B786B5BD2418F48B00BBA10F = {
						CreatedOnToolsVersion = 11.0;
					};
				};
			};
			buildConfigurationList = B74FAC14235C732800B87216 /* Build configuration list for PBXProject "AppleKits4Unity" */;
			compatibilityVersion = "Xcode 9.3";
			developmentRegion = en;
			hasScannedForEncodings = 0;
			knownRegions = (
				en,
				Base,
			);
			mainGroup = B74FAC10235C732800B87216;
			productRefGroup = B74FAC1A235C732800B87216 /* Products */;
			projectDirPath = "";
			projectRoot = "";
			targets = (
				B74FAC18235C732800B87216 /* AppleKits4UnityiOS */,
				B786B5B02418F45E00BBA10F /* AppleKits4UnitytvOS */,
				B786B5BD2418F48B00BBA10F /* AppleKits4UnityMac */,
				B738F9C123FF9FC00050004F /* AppleKits4UnityBundle */,
			);
		};
/* End PBXProject section */

/* Begin PBXResourcesBuildPhase section */
		B738F9C023FF9FC00050004F /* Resources */ = {
			isa = PBXResourcesBuildPhase;
			buildActionMask = 2147483647;
			files = (
			);
			runOnlyForDeploymentPostprocessing = 0;
		};
/* End PBXResourcesBuildPhase section */

/* Begin PBXSourcesBuildPhase section */
		B738F9BE23FF9FC00050004F /* Sources */ = {
			isa = PBXSourcesBuildPhase;
			buildActionMask = 2147483647;
			files = (
				B738F9D423FFA01E0050004F /* UnityBridge.mm in Sources */,
				B738F9D223FFA0180050004F /* CloudKit.m in Sources */,
				B738F9D023FFA0000050004F /* Callback.m in Sources */,
				B786B5A62418B37100BBA10F /* GameKitBridge.mm in Sources */,
				B7E530FD240E15AC00DEB640 /* UIHelper.m in Sources */,
				B738F9CF23FF9FFC0050004F /* CallbackBridge.mm in Sources */,
				B738F9D123FFA0130050004F /* AppleKitsCore.m in Sources */,
				B7E530FA240E14EB00DEB640 /* GameKit.m in Sources */,
				B786B5AC2418B8DA00BBA10F /* BridgeHelpers.mm in Sources */,
				B738F9D323FFA01B0050004F /* CloudKitBridge.mm in Sources */,
			);
			runOnlyForDeploymentPostprocessing = 0;
		};
		B74FAC15235C732800B87216 /* Sources */ = {
			isa = PBXSourcesBuildPhase;
			buildActionMask = 2147483647;
			files = (
				B738F99023FB73BE0050004F /* CloudKit.m in Sources */,
				B70C7998235C7E71004259A9 /* AppleKitsCore.m in Sources */,
				B738F99323FB79180050004F /* Callback.m in Sources */,
				B786B5A42418B37100BBA10F /* GameKitBridge.mm in Sources */,
				B7E530F7240E113200DEB640 /* UIHelper.m in Sources */,
				B738F99B23FE4F910050004F /* CallbackBridge.mm in Sources */,
				B70C798D235C7580004259A9 /* UnityBridge.mm in Sources */,
				B7E530F3240E0C5600DEB640 /* GameKit.m in Sources */,
				B786B5AA2418B8DA00BBA10F /* BridgeHelpers.mm in Sources */,
				B738F99E23FE546B0050004F /* CloudKitBridge.mm in Sources */,
			);
			runOnlyForDeploymentPostprocessing = 0;
		};
		B786B5AD2418F45E00BBA10F /* Sources */ = {
			isa = PBXSourcesBuildPhase;
			buildActionMask = 2147483647;
			files = (
				B786B5D12418F4A500BBA10F /* GameKitBridge.mm in Sources */,
				B786B5CB2418F49C00BBA10F /* BridgeHelpers.mm in Sources */,
				B786B5C92418F49900BBA10F /* Callback.m in Sources */,
				B786B5CF2418F4A200BBA10F /* GameKit.m in Sources */,
				B786B5D52418F4AB00BBA10F /* CloudKitBridge.mm in Sources */,
				B786B5D32418F4A800BBA10F /* CloudKit.m in Sources */,
				B786B5CD2418F49F00BBA10F /* AppleKitsCore.m in Sources */,
				B786B5D72418F4AF00BBA10F /* UIHelper.m in Sources */,
				B786B5C72418F49600BBA10F /* CallbackBridge.mm in Sources */,
				B786B5D92418F4B200BBA10F /* UnityBridge.mm in Sources */,
			);
			runOnlyForDeploymentPostprocessing = 0;
		};
		B786B5BB2418F48B00BBA10F /* Sources */ = {
			isa = PBXSourcesBuildPhase;
			buildActionMask = 2147483647;
			files = (
				B786B5D22418F4A600BBA10F /* GameKitBridge.mm in Sources */,
				B786B5CC2418F49D00BBA10F /* BridgeHelpers.mm in Sources */,
				B786B5CA2418F49900BBA10F /* Callback.m in Sources */,
				B786B5D02418F4A300BBA10F /* GameKit.m in Sources */,
				B786B5D62418F4AC00BBA10F /* CloudKitBridge.mm in Sources */,
				B786B5D42418F4A900BBA10F /* CloudKit.m in Sources */,
				B786B5CE2418F4A000BBA10F /* AppleKitsCore.m in Sources */,
				B786B5D82418F4AF00BBA10F /* UIHelper.m in Sources */,
				B786B5C82418F49700BBA10F /* CallbackBridge.mm in Sources */,
				B786B5DA2418F4B200BBA10F /* UnityBridge.mm in Sources */,
			);
			runOnlyForDeploymentPostprocessing = 0;
		};
/* End PBXSourcesBuildPhase section */

/* Begin XCBuildConfiguration section */
		B738F9C623FF9FC00050004F /* Debug */ = {
			isa = XCBuildConfiguration;
			buildSettings = {
				CLANG_ENABLE_OBJC_ARC = NO;
				CODE_SIGN_IDENTITY = "Apple Development";
				CODE_SIGN_STYLE = Automatic;
				COMBINE_HIDPI_IMAGES = YES;
				DEVELOPMENT_ASSET_PATHS = "";
				DEVELOPMENT_TEAM = 45G4JLJD3W;
				INFOPLIST_FILE = AppleKits4UnityBundle/Info.plist;
				INSTALL_PATH = "$(LOCAL_LIBRARY_DIR)/Bundles";
				MACOSX_DEPLOYMENT_TARGET = 10.15;
				ONLY_ACTIVE_ARCH = NO;
				PRODUCT_BUNDLE_IDENTIFIER = com.forbiddencactus.AppleKits4UnityBundle;
				PRODUCT_NAME = "$(TARGET_NAME)";
				PROVISIONING_PROFILE_SPECIFIER = "";
				SDKROOT = macosx;
				SKIP_INSTALL = YES;
				SUPPORTED_PLATFORMS = macosx;
				WRAPPER_EXTENSION = bundle;
			};
			name = Debug;
		};
		B738F9C723FF9FC00050004F /* Release */ = {
			isa = XCBuildConfiguration;
			buildSettings = {
				CLANG_ENABLE_OBJC_ARC = NO;
				CODE_SIGN_IDENTITY = "Apple Development";
				CODE_SIGN_STYLE = Automatic;
				COMBINE_HIDPI_IMAGES = YES;
				DEVELOPMENT_ASSET_PATHS = "";
				DEVELOPMENT_TEAM = 45G4JLJD3W;
				INFOPLIST_FILE = AppleKits4UnityBundle/Info.plist;
				INSTALL_PATH = "$(LOCAL_LIBRARY_DIR)/Bundles";
				MACOSX_DEPLOYMENT_TARGET = 10.15;
				PRODUCT_BUNDLE_IDENTIFIER = com.forbiddencactus.AppleKits4UnityBundle;
				PRODUCT_NAME = "$(TARGET_NAME)";
				PROVISIONING_PROFILE_SPECIFIER = "";
				SDKROOT = macosx;
				SKIP_INSTALL = YES;
				SUPPORTED_PLATFORMS = macosx;
				WRAPPER_EXTENSION = bundle;
			};
			name = Release;
		};
		B74FAC20235C732800B87216 /* Debug */ = {
			isa = XCBuildConfiguration;
			buildSettings = {
				ALWAYS_SEARCH_USER_PATHS = NO;
				CLANG_ANALYZER_NONNULL = YES;
				CLANG_ANALYZER_NUMBER_OBJECT_CONVERSION = YES_AGGRESSIVE;
				CLANG_CXX_LANGUAGE_STANDARD = "gnu++14";
				CLANG_CXX_LIBRARY = "libc++";
				CLANG_ENABLE_MODULES = YES;
				CLANG_ENABLE_OBJC_ARC = YES;
				CLANG_ENABLE_OBJC_WEAK = YES;
				CLANG_WARN_BLOCK_CAPTURE_AUTORELEASING = YES;
				CLANG_WARN_BOOL_CONVERSION = YES;
				CLANG_WARN_COMMA = YES;
				CLANG_WARN_CONSTANT_CONVERSION = YES;
				CLANG_WARN_DEPRECATED_OBJC_IMPLEMENTATIONS = YES;
				CLANG_WARN_DIRECT_OBJC_ISA_USAGE = YES_ERROR;
				CLANG_WARN_DOCUMENTATION_COMMENTS = YES;
				CLANG_WARN_EMPTY_BODY = YES;
				CLANG_WARN_ENUM_CONVERSION = YES;
				CLANG_WARN_INFINITE_RECURSION = YES;
				CLANG_WARN_INT_CONVERSION = YES;
				CLANG_WARN_NON_LITERAL_NULL_CONVERSION = YES;
				CLANG_WARN_OBJC_IMPLICIT_RETAIN_SELF = YES;
				CLANG_WARN_OBJC_LITERAL_CONVERSION = YES;
				CLANG_WARN_OBJC_ROOT_CLASS = YES_ERROR;
				CLANG_WARN_RANGE_LOOP_ANALYSIS = YES;
				CLANG_WARN_STRICT_PROTOTYPES = YES;
				CLANG_WARN_SUSPICIOUS_MOVE = YES;
				CLANG_WARN_UNGUARDED_AVAILABILITY = YES_AGGRESSIVE;
				CLANG_WARN_UNREACHABLE_CODE = YES;
				CLANG_WARN__DUPLICATE_METHOD_MATCH = YES;
				COPY_PHASE_STRIP = NO;
				DEBUG_INFORMATION_FORMAT = dwarf;
				ENABLE_STRICT_OBJC_MSGSEND = YES;
				ENABLE_TESTABILITY = YES;
				GCC_C_LANGUAGE_STANDARD = gnu11;
				GCC_DYNAMIC_NO_PIC = NO;
				GCC_NO_COMMON_BLOCKS = YES;
				GCC_OPTIMIZATION_LEVEL = 0;
				GCC_PREPROCESSOR_DEFINITIONS = (
					"DEBUG=1",
					"$(inherited)",
				);
				GCC_WARN_64_TO_32_BIT_CONVERSION = YES;
				GCC_WARN_ABOUT_RETURN_TYPE = YES_ERROR;
				GCC_WARN_UNDECLARED_SELECTOR = YES;
				GCC_WARN_UNINITIALIZED_AUTOS = YES_AGGRESSIVE;
				GCC_WARN_UNUSED_FUNCTION = YES;
				GCC_WARN_UNUSED_VARIABLE = YES;
				IPHONEOS_DEPLOYMENT_TARGET = 13.0;
				MTL_ENABLE_DEBUG_INFO = INCLUDE_SOURCE;
				MTL_FAST_MATH = YES;
				ONLY_ACTIVE_ARCH = YES;
				SDKROOT = iphoneos;
			};
			name = Debug;
		};
		B74FAC21235C732800B87216 /* Release */ = {
			isa = XCBuildConfiguration;
			buildSettings = {
				ALWAYS_SEARCH_USER_PATHS = NO;
				CLANG_ANALYZER_NONNULL = YES;
				CLANG_ANALYZER_NUMBER_OBJECT_CONVERSION = YES_AGGRESSIVE;
				CLANG_CXX_LANGUAGE_STANDARD = "gnu++14";
				CLANG_CXX_LIBRARY = "libc++";
				CLANG_ENABLE_MODULES = YES;
				CLANG_ENABLE_OBJC_ARC = YES;
				CLANG_ENABLE_OBJC_WEAK = YES;
				CLANG_WARN_BLOCK_CAPTURE_AUTORELEASING = YES;
				CLANG_WARN_BOOL_CONVERSION = YES;
				CLANG_WARN_COMMA = YES;
				CLANG_WARN_CONSTANT_CONVERSION = YES;
				CLANG_WARN_DEPRECATED_OBJC_IMPLEMENTATIONS = YES;
				CLANG_WARN_DIRECT_OBJC_ISA_USAGE = YES_ERROR;
				CLANG_WARN_DOCUMENTATION_COMMENTS = YES;
				CLANG_WARN_EMPTY_BODY = YES;
				CLANG_WARN_ENUM_CONVERSION = YES;
				CLANG_WARN_INFINITE_RECURSION = YES;
				CLANG_WARN_INT_CONVERSION = YES;
				CLANG_WARN_NON_LITERAL_NULL_CONVERSION = YES;
				CLANG_WARN_OBJC_IMPLICIT_RETAIN_SELF = YES;
				CLANG_WARN_OBJC_LITERAL_CONVERSION = YES;
				CLANG_WARN_OBJC_ROOT_CLASS = YES_ERROR;
				CLANG_WARN_RANGE_LOOP_ANALYSIS = YES;
				CLANG_WARN_STRICT_PROTOTYPES = YES;
				CLANG_WARN_SUSPICIOUS_MOVE = YES;
				CLANG_WARN_UNGUARDED_AVAILABILITY = YES_AGGRESSIVE;
				CLANG_WARN_UNREACHABLE_CODE = YES;
				CLANG_WARN__DUPLICATE_METHOD_MATCH = YES;
				COPY_PHASE_STRIP = NO;
				DEBUG_INFORMATION_FORMAT = "dwarf-with-dsym";
				ENABLE_NS_ASSERTIONS = NO;
				ENABLE_STRICT_OBJC_MSGSEND = YES;
				GCC_C_LANGUAGE_STANDARD = gnu11;
				GCC_NO_COMMON_BLOCKS = YES;
				GCC_WARN_64_TO_32_BIT_CONVERSION = YES;
				GCC_WARN_ABOUT_RETURN_TYPE = YES_ERROR;
				GCC_WARN_UNDECLARED_SELECTOR = YES;
				GCC_WARN_UNINITIALIZED_AUTOS = YES_AGGRESSIVE;
				GCC_WARN_UNUSED_FUNCTION = YES;
				GCC_WARN_UNUSED_VARIABLE = YES;
				IPHONEOS_DEPLOYMENT_TARGET = 13.0;
				MTL_ENABLE_DEBUG_INFO = NO;
				MTL_FAST_MATH = YES;
				SDKROOT = iphoneos;
				VALIDATE_PRODUCT = YES;
			};
			name = Release;
		};
		B74FAC23235C732800B87216 /* Debug */ = {
			isa = XCBuildConfiguration;
			buildSettings = {
				CLANG_ENABLE_OBJC_ARC = NO;
				CODE_SIGN_STYLE = Automatic;
				ONLY_ACTIVE_ARCH = NO;
				OTHER_LDFLAGS = "-ObjC";
				PRODUCT_NAME = "$(TARGET_NAME)";
				SKIP_INSTALL = YES;
				SUPPORTED_PLATFORMS = "iphonesimulator iphoneos";
				TARGETED_DEVICE_FAMILY = "1,2";
			};
			name = Debug;
		};
		B74FAC24235C732800B87216 /* Release */ = {
			isa = XCBuildConfiguration;
			buildSettings = {
				CLANG_ENABLE_OBJC_ARC = NO;
				CODE_SIGN_STYLE = Automatic;
				ONLY_ACTIVE_ARCH = NO;
				OTHER_LDFLAGS = "-ObjC";
				PRODUCT_NAME = "$(TARGET_NAME)";
				SKIP_INSTALL = YES;
				SUPPORTED_PLATFORMS = "iphonesimulator iphoneos";
				TARGETED_DEVICE_FAMILY = "1,2";
			};
			name = Release;
		};
		B786B5B82418F45E00BBA10F /* Debug */ = {
			isa = XCBuildConfiguration;
			buildSettings = {
				CODE_SIGN_STYLE = Automatic;
				ONLY_ACTIVE_ARCH = NO;
				OTHER_LDFLAGS = "-ObjC";
				PRODUCT_NAME = "$(TARGET_NAME)";
				SDKROOT = appletvos;
				SKIP_INSTALL = YES;
				TARGETED_DEVICE_FAMILY = 3;
				TVOS_DEPLOYMENT_TARGET = 13.0;
			};
			name = Debug;
		};
		B786B5B92418F45E00BBA10F /* Release */ = {
			isa = XCBuildConfiguration;
			buildSettings = {
				CODE_SIGN_STYLE = Automatic;
				OTHER_LDFLAGS = "-ObjC";
				PRODUCT_NAME = "$(TARGET_NAME)";
				SDKROOT = appletvos;
				SKIP_INSTALL = YES;
				TARGETED_DEVICE_FAMILY = 3;
				TVOS_DEPLOYMENT_TARGET = 13.0;
			};
			name = Release;
		};
		B786B5C52418F48B00BBA10F /* Debug */ = {
			isa = XCBuildConfiguration;
			buildSettings = {
				CODE_SIGN_STYLE = Automatic;
				EXECUTABLE_PREFIX = lib;
				MACOSX_DEPLOYMENT_TARGET = 10.14;
				ONLY_ACTIVE_ARCH = NO;
				PRODUCT_NAME = "$(TARGET_NAME)";
				SDKROOT = macosx;
				SKIP_INSTALL = YES;
			};
			name = Debug;
		};
		B786B5C62418F48B00BBA10F /* Release */ = {
			isa = XCBuildConfiguration;
			buildSettings = {
				CODE_SIGN_STYLE = Automatic;
				EXECUTABLE_PREFIX = lib;
				MACOSX_DEPLOYMENT_TARGET = 10.14;
				PRODUCT_NAME = "$(TARGET_NAME)";
				SDKROOT = macosx;
				SKIP_INSTALL = YES;
			};
			name = Release;
		};
/* End XCBuildConfiguration section */

/* Begin XCConfigurationList section */
		B738F9C523FF9FC00050004F /* Build configuration list for PBXNativeTarget "AppleKits4UnityBundle" */ = {
			isa = XCConfigurationList;
			buildConfigurations = (
				B738F9C623FF9FC00050004F /* Debug */,
				B738F9C723FF9FC00050004F /* Release */,
			);
			defaultConfigurationIsVisible = 0;
			defaultConfigurationName = Release;
		};
		B74FAC14235C732800B87216 /* Build configuration list for PBXProject "AppleKits4Unity" */ = {
			isa = XCConfigurationList;
			buildConfigurations = (
				B74FAC20235C732800B87216 /* Debug */,
				B74FAC21235C732800B87216 /* Release */,
			);
			defaultConfigurationIsVisible = 0;
			defaultConfigurationName = Release;
		};
		B74FAC22235C732800B87216 /* Build configuration list for PBXNativeTarget "AppleKits4UnityiOS" */ = {
			isa = XCConfigurationList;
			buildConfigurations = (
				B74FAC23235C732800B87216 /* Debug */,
				B74FAC24235C732800B87216 /* Release */,
			);
			defaultConfigurationIsVisible = 0;
			defaultConfigurationName = Release;
		};
		B786B5B72418F45E00BBA10F /* Build configuration list for PBXNativeTarget "AppleKits4UnitytvOS" */ = {
			isa = XCConfigurationList;
			buildConfigurations = (
				B786B5B82418F45E00BBA10F /* Debug */,
				B786B5B92418F45E00BBA10F /* Release */,
			);
			defaultConfigurationIsVisible = 0;
			defaultConfigurationName = Release;
		};
		B786B5C42418F48B00BBA10F /* Build configuration list for PBXNativeTarget "AppleKits4UnityMac" */ = {
			isa = XCConfigurationList;
			buildConfigurations = (
				B786B5C52418F48B00BBA10F /* Debug */,
				B786B5C62418F48B00BBA10F /* Release */,
			);
			defaultConfigurationIsVisible = 0;
			defaultConfigurationName = Release;
		};
/* End XCConfigurationList section */
	};
	rootObject = B74FAC11235C732800B87216 /* Project object */;
}
